// !$*UTF8*$!
{
	archiveVersion = 1;
	classes = {
	};
	objectVersion = 56;
	objects = {

/* Begin PBXBuildFile section */
		0D6DEAF12B96078E00EE196B /* AppDelegate.swift in Sources */ = {isa = PBXBuildFile; fileRef = 0D6DEAF02B96078E00EE196B /* AppDelegate.swift */; };
		0D6DEAF32B96078E00EE196B /* SceneDelegate.swift in Sources */ = {isa = PBXBuildFile; fileRef = 0D6DEAF22B96078E00EE196B /* SceneDelegate.swift */; };
		0D6DEAF52B96078E00EE196B /* ViewController.swift in Sources */ = {isa = PBXBuildFile; fileRef = 0D6DEAF42B96078E00EE196B /* ViewController.swift */; };
		0D6DEAF82B96078E00EE196B /* Main.storyboard in Resources */ = {isa = PBXBuildFile; fileRef = 0D6DEAF62B96078E00EE196B /* Main.storyboard */; };
		0D6DEAFA2B96079000EE196B /* Assets.xcassets in Resources */ = {isa = PBXBuildFile; fileRef = 0D6DEAF92B96079000EE196B /* Assets.xcassets */; };
		0D6DEAFD2B96079000EE196B /* LaunchScreen.storyboard in Resources */ = {isa = PBXBuildFile; fileRef = 0D6DEAFB2B96079000EE196B /* LaunchScreen.storyboard */; };
		0D6DEB092B960CE300EE196B /* Test.storyboard in Resources */ = {isa = PBXBuildFile; fileRef = 0D6DEB082B960CE300EE196B /* Test.storyboard */; };
		0D6DEB0B2B960CFC00EE196B /* TestController.swift in Sources */ = {isa = PBXBuildFile; fileRef = 0D6DEB0A2B960CFC00EE196B /* TestController.swift */; };
		0D6DEB0D2B961AFA00EE196B /* TestModel.swift in Sources */ = {isa = PBXBuildFile; fileRef = 0D6DEB0C2B961AFA00EE196B /* TestModel.swift */; };
		0D6DEB262B999B2900EE196B /* Login.storyboard in Resources */ = {isa = PBXBuildFile; fileRef = 0D6DEB252B999B2900EE196B /* Login.storyboard */; };
		0D6DEB282B999B7300EE196B /* Gallery.storyboard in Resources */ = {isa = PBXBuildFile; fileRef = 0D6DEB272B999B7300EE196B /* Gallery.storyboard */; };
		0D6DEB2A2B999B9A00EE196B /* Post.storyboard in Resources */ = {isa = PBXBuildFile; fileRef = 0D6DEB292B999B9A00EE196B /* Post.storyboard */; };
		0D6DEB2C2B999BAA00EE196B /* LoginController.swift in Sources */ = {isa = PBXBuildFile; fileRef = 0D6DEB2B2B999BAA00EE196B /* LoginController.swift */; };
		0D6DEB2E2B999BBE00EE196B /* GalleryController.swift in Sources */ = {isa = PBXBuildFile; fileRef = 0D6DEB2D2B999BBE00EE196B /* GalleryController.swift */; };
		0D6DEB302B999BCE00EE196B /* PostContoller.swift in Sources */ = {isa = PBXBuildFile; fileRef = 0D6DEB2F2B999BCE00EE196B /* PostContoller.swift */; };
		0D6DEB352B99A2D100EE196B /* siro.jpeg in Resources */ = {isa = PBXBuildFile; fileRef = 0D6DEB322B99A2D100EE196B /* siro.jpeg */; };
		0D6DEB362B99A2D100EE196B /* iseki.jpeg in Resources */ = {isa = PBXBuildFile; fileRef = 0D6DEB332B99A2D100EE196B /* iseki.jpeg */; };
		0D6DEB372B99A2D100EE196B /* torii.jpeg in Resources */ = {isa = PBXBuildFile; fileRef = 0D6DEB342B99A2D100EE196B /* torii.jpeg */; };
		0D6DEB3B2B99A67800EE196B /* sakura.jpeg in Resources */ = {isa = PBXBuildFile; fileRef = 0D6DEB382B99A67800EE196B /* sakura.jpeg */; };
		0D6DEB3D2B99A67800EE196B /* mori.jpeg in Resources */ = {isa = PBXBuildFile; fileRef = 0D6DEB3A2B99A67800EE196B /* mori.jpeg */; };
		0D6DEB3F2B99A68A00EE196B /* ika.jpeg in Resources */ = {isa = PBXBuildFile; fileRef = 0D6DEB3E2B99A68A00EE196B /* ika.jpeg */; };
		0D6DEB422B99CF0600EE196B /* FirebaseAnalytics in Frameworks */ = {isa = PBXBuildFile; productRef = 0D6DEB412B99CF0600EE196B /* FirebaseAnalytics */; };
		0D6DEB442B99CF0600EE196B /* FirebaseAnalyticsOnDeviceConversion in Frameworks */ = {isa = PBXBuildFile; productRef = 0D6DEB432B99CF0600EE196B /* FirebaseAnalyticsOnDeviceConversion */; };
		0D6DEB462B99CF0600EE196B /* FirebaseAnalyticsSwift in Frameworks */ = {isa = PBXBuildFile; productRef = 0D6DEB452B99CF0600EE196B /* FirebaseAnalyticsSwift */; };
		0D6DEB482B99CF0600EE196B /* FirebaseAnalyticsWithoutAdIdSupport in Frameworks */ = {isa = PBXBuildFile; productRef = 0D6DEB472B99CF0600EE196B /* FirebaseAnalyticsWithoutAdIdSupport */; };
		0D6DEB4A2B99CF0600EE196B /* FirebaseAppCheck in Frameworks */ = {isa = PBXBuildFile; productRef = 0D6DEB492B99CF0600EE196B /* FirebaseAppCheck */; };
		0D6DEB4C2B99CF0600EE196B /* FirebaseAppDistribution-Beta in Frameworks */ = {isa = PBXBuildFile; productRef = 0D6DEB4B2B99CF0600EE196B /* FirebaseAppDistribution-Beta */; };
		0D6DEB4E2B99CF0600EE196B /* FirebaseAuth in Frameworks */ = {isa = PBXBuildFile; productRef = 0D6DEB4D2B99CF0600EE196B /* FirebaseAuth */; };
		0D6DEB502B99CF0600EE196B /* FirebaseAuthCombine-Community in Frameworks */ = {isa = PBXBuildFile; productRef = 0D6DEB4F2B99CF0600EE196B /* FirebaseAuthCombine-Community */; };
		0D6DEB522B99CF0600EE196B /* FirebaseCrashlytics in Frameworks */ = {isa = PBXBuildFile; productRef = 0D6DEB512B99CF0600EE196B /* FirebaseCrashlytics */; };
		0D6DEB542B99CF0600EE196B /* FirebaseDatabase in Frameworks */ = {isa = PBXBuildFile; productRef = 0D6DEB532B99CF0600EE196B /* FirebaseDatabase */; };
		0D6DEB562B99CF0600EE196B /* FirebaseDatabaseSwift in Frameworks */ = {isa = PBXBuildFile; productRef = 0D6DEB552B99CF0600EE196B /* FirebaseDatabaseSwift */; };
		0D6DEB582B99CF0600EE196B /* FirebaseDynamicLinks in Frameworks */ = {isa = PBXBuildFile; productRef = 0D6DEB572B99CF0600EE196B /* FirebaseDynamicLinks */; };
		0D6DEB5A2B99CF0600EE196B /* FirebaseFirestore in Frameworks */ = {isa = PBXBuildFile; productRef = 0D6DEB592B99CF0600EE196B /* FirebaseFirestore */; };
		0D6DEB5C2B99CF0600EE196B /* FirebaseFirestoreCombine-Community in Frameworks */ = {isa = PBXBuildFile; productRef = 0D6DEB5B2B99CF0600EE196B /* FirebaseFirestoreCombine-Community */; };
		0D6DEB5E2B99CF0600EE196B /* FirebaseFirestoreSwift in Frameworks */ = {isa = PBXBuildFile; productRef = 0D6DEB5D2B99CF0600EE196B /* FirebaseFirestoreSwift */; };
		0D6DEB602B99CF0600EE196B /* FirebaseFunctions in Frameworks */ = {isa = PBXBuildFile; productRef = 0D6DEB5F2B99CF0600EE196B /* FirebaseFunctions */; };
		0D6DEB622B99CF0600EE196B /* FirebaseFunctionsCombine-Community in Frameworks */ = {isa = PBXBuildFile; productRef = 0D6DEB612B99CF0600EE196B /* FirebaseFunctionsCombine-Community */; };
		0D6DEB642B99CF0600EE196B /* FirebaseInAppMessaging-Beta in Frameworks */ = {isa = PBXBuildFile; productRef = 0D6DEB632B99CF0600EE196B /* FirebaseInAppMessaging-Beta */; };
		0D6DEB662B99CF0600EE196B /* FirebaseInAppMessagingSwift-Beta in Frameworks */ = {isa = PBXBuildFile; productRef = 0D6DEB652B99CF0600EE196B /* FirebaseInAppMessagingSwift-Beta */; };
		0D6DEB682B99CF0600EE196B /* FirebaseInstallations in Frameworks */ = {isa = PBXBuildFile; productRef = 0D6DEB672B99CF0600EE196B /* FirebaseInstallations */; };
		0D6DEB6A2B99CF0600EE196B /* FirebaseMLModelDownloader in Frameworks */ = {isa = PBXBuildFile; productRef = 0D6DEB692B99CF0600EE196B /* FirebaseMLModelDownloader */; };
		0D6DEB6C2B99CF0600EE196B /* FirebaseMessaging in Frameworks */ = {isa = PBXBuildFile; productRef = 0D6DEB6B2B99CF0600EE196B /* FirebaseMessaging */; };
		0D6DEB6E2B99CF0600EE196B /* FirebasePerformance in Frameworks */ = {isa = PBXBuildFile; productRef = 0D6DEB6D2B99CF0600EE196B /* FirebasePerformance */; };
		0D6DEB702B99CF0600EE196B /* FirebaseRemoteConfig in Frameworks */ = {isa = PBXBuildFile; productRef = 0D6DEB6F2B99CF0600EE196B /* FirebaseRemoteConfig */; };
		0D6DEB722B99CF0600EE196B /* FirebaseRemoteConfigSwift in Frameworks */ = {isa = PBXBuildFile; productRef = 0D6DEB712B99CF0600EE196B /* FirebaseRemoteConfigSwift */; };
		0D6DEB742B99CF0600EE196B /* FirebaseStorage in Frameworks */ = {isa = PBXBuildFile; productRef = 0D6DEB732B99CF0600EE196B /* FirebaseStorage */; };
		0D6DEB762B99CF0600EE196B /* FirebaseStorageCombine-Community in Frameworks */ = {isa = PBXBuildFile; productRef = 0D6DEB752B99CF0600EE196B /* FirebaseStorageCombine-Community */; };
		0D6DEB7A2B99DAA400EE196B /* GoogleService-Info.plist in Resources */ = {isa = PBXBuildFile; fileRef = 0D6DEB792B99DAA400EE196B /* GoogleService-Info.plist */; };
/* End PBXBuildFile section */

/* Begin PBXFileReference section */
		0D6DEAF02B96078E00EE196B /* AppDelegate.swift */ = {isa = PBXFileReference; lastKnownFileType = sourcecode.swift; path = AppDelegate.swift; sourceTree = "<group>"; };
		0D6DEAF22B96078E00EE196B /* SceneDelegate.swift */ = {isa = PBXFileReference; lastKnownFileType = sourcecode.swift; path = SceneDelegate.swift; sourceTree = "<group>"; };
		0D6DEAF42B96078E00EE196B /* ViewController.swift */ = {isa = PBXFileReference; lastKnownFileType = sourcecode.swift; path = ViewController.swift; sourceTree = "<group>"; };
		0D6DEAF72B96078E00EE196B /* Base */ = {isa = PBXFileReference; lastKnownFileType = file.storyboard; name = Base; path = Base.lproj/Main.storyboard; sourceTree = "<group>"; };
		0D6DEAF92B96079000EE196B /* Assets.xcassets */ = {isa = PBXFileReference; lastKnownFileType = folder.assetcatalog; path = Assets.xcassets; sourceTree = "<group>"; };
		0D6DEAFC2B96079000EE196B /* Base */ = {isa = PBXFileReference; lastKnownFileType = file.storyboard; name = Base; path = Base.lproj/LaunchScreen.storyboard; sourceTree = "<group>"; };
		0D6DEAFE2B96079000EE196B /* Info.plist */ = {isa = PBXFileReference; lastKnownFileType = text.plist.xml; path = Info.plist; sourceTree = "<group>"; };
		0D6DEB082B960CE300EE196B /* Test.storyboard */ = {isa = PBXFileReference; lastKnownFileType = file.storyboard; path = Test.storyboard; sourceTree = "<group>"; };
		0D6DEB0A2B960CFC00EE196B /* TestController.swift */ = {isa = PBXFileReference; lastKnownFileType = sourcecode.swift; path = TestController.swift; sourceTree = "<group>"; };
		0D6DEB0C2B961AFA00EE196B /* TestModel.swift */ = {isa = PBXFileReference; lastKnownFileType = sourcecode.swift; path = TestModel.swift; sourceTree = "<group>"; };
		0D6DEB162B978D7400EE196B /* TestPlayground.playground */ = {isa = PBXFileReference; lastKnownFileType = file.playground; path = TestPlayground.playground; sourceTree = "<group>"; xcLanguageSpecificationIdentifier = xcode.lang.swift; };
		0D6DEB252B999B2900EE196B /* Login.storyboard */ = {isa = PBXFileReference; lastKnownFileType = file.storyboard; path = Login.storyboard; sourceTree = "<group>"; };
		0D6DEB272B999B7300EE196B /* Gallery.storyboard */ = {isa = PBXFileReference; lastKnownFileType = file.storyboard; path = Gallery.storyboard; sourceTree = "<group>"; };
		0D6DEB292B999B9A00EE196B /* Post.storyboard */ = {isa = PBXFileReference; lastKnownFileType = file.storyboard; path = Post.storyboard; sourceTree = "<group>"; };
		0D6DEB2B2B999BAA00EE196B /* LoginController.swift */ = {isa = PBXFileReference; lastKnownFileType = sourcecode.swift; path = LoginController.swift; sourceTree = "<group>"; };
		0D6DEB2D2B999BBE00EE196B /* GalleryController.swift */ = {isa = PBXFileReference; lastKnownFileType = sourcecode.swift; path = GalleryController.swift; sourceTree = "<group>"; };
		0D6DEB2F2B999BCE00EE196B /* PostContoller.swift */ = {isa = PBXFileReference; lastKnownFileType = sourcecode.swift; path = PostContoller.swift; sourceTree = "<group>"; };
		0D6DEB322B99A2D100EE196B /* siro.jpeg */ = {isa = PBXFileReference; lastKnownFileType = image.jpeg; path = siro.jpeg; sourceTree = "<group>"; };
		0D6DEB332B99A2D100EE196B /* iseki.jpeg */ = {isa = PBXFileReference; lastKnownFileType = image.jpeg; path = iseki.jpeg; sourceTree = "<group>"; };
		0D6DEB342B99A2D100EE196B /* torii.jpeg */ = {isa = PBXFileReference; lastKnownFileType = image.jpeg; path = torii.jpeg; sourceTree = "<group>"; };
		0D6DEB382B99A67800EE196B /* sakura.jpeg */ = {isa = PBXFileReference; lastKnownFileType = image.jpeg; path = sakura.jpeg; sourceTree = "<group>"; };
		0D6DEB3A2B99A67800EE196B /* mori.jpeg */ = {isa = PBXFileReference; lastKnownFileType = image.jpeg; path = mori.jpeg; sourceTree = "<group>"; };
		0D6DEB3E2B99A68A00EE196B /* ika.jpeg */ = {isa = PBXFileReference; lastKnownFileType = image.jpeg; path = ika.jpeg; sourceTree = "<group>"; };
		0D6DEB782B99D73C00EE196B /* fe_sagareal.app */ = {isa = PBXFileReference; explicitFileType = wrapper.application; includeInIndex = 0; path = fe_sagareal.app; sourceTree = BUILT_PRODUCTS_DIR; };
		0D6DEB792B99DAA400EE196B /* GoogleService-Info.plist */ = {isa = PBXFileReference; fileEncoding = 4; lastKnownFileType = text.plist.xml; path = "GoogleService-Info.plist"; sourceTree = "<group>"; };
		0D6DEB7C2B9A190800EE196B /* Location.gpx */ = {isa = PBXFileReference; lastKnownFileType = text.xml; path = Location.gpx; sourceTree = "<group>"; };
		0D6DEB7D2B9A1C8D00EE196B /* Location.gpx */ = {isa = PBXFileReference; lastKnownFileType = text.xml; name = Location.gpx; path = gpx/Location.gpx; sourceTree = "<group>"; };
/* End PBXFileReference section */

/* Begin PBXFrameworksBuildPhase section */
		0D6DEAEA2B96078E00EE196B /* Frameworks */ = {
			isa = PBXFrameworksBuildPhase;
			buildActionMask = 2147483647;
			files = (
				0D6DEB602B99CF0600EE196B /* FirebaseFunctions in Frameworks */,
				0D6DEB562B99CF0600EE196B /* FirebaseDatabaseSwift in Frameworks */,
				0D6DEB662B99CF0600EE196B /* FirebaseInAppMessagingSwift-Beta in Frameworks */,
				0D6DEB6C2B99CF0600EE196B /* FirebaseMessaging in Frameworks */,
				0D6DEB4C2B99CF0600EE196B /* FirebaseAppDistribution-Beta in Frameworks */,
				0D6DEB502B99CF0600EE196B /* FirebaseAuthCombine-Community in Frameworks */,
				0D6DEB5C2B99CF0600EE196B /* FirebaseFirestoreCombine-Community in Frameworks */,
				0D6DEB462B99CF0600EE196B /* FirebaseAnalyticsSwift in Frameworks */,
				0D6DEB6A2B99CF0600EE196B /* FirebaseMLModelDownloader in Frameworks */,
				0D6DEB482B99CF0600EE196B /* FirebaseAnalyticsWithoutAdIdSupport in Frameworks */,
				0D6DEB422B99CF0600EE196B /* FirebaseAnalytics in Frameworks */,
				0D6DEB5E2B99CF0600EE196B /* FirebaseFirestoreSwift in Frameworks */,
				0D6DEB442B99CF0600EE196B /* FirebaseAnalyticsOnDeviceConversion in Frameworks */,
				0D6DEB4A2B99CF0600EE196B /* FirebaseAppCheck in Frameworks */,
				0D6DEB6E2B99CF0600EE196B /* FirebasePerformance in Frameworks */,
				0D6DEB642B99CF0600EE196B /* FirebaseInAppMessaging-Beta in Frameworks */,
				0D6DEB622B99CF0600EE196B /* FirebaseFunctionsCombine-Community in Frameworks */,
				0D6DEB522B99CF0600EE196B /* FirebaseCrashlytics in Frameworks */,
				0D6DEB682B99CF0600EE196B /* FirebaseInstallations in Frameworks */,
				0D6DEB702B99CF0600EE196B /* FirebaseRemoteConfig in Frameworks */,
				0D6DEB742B99CF0600EE196B /* FirebaseStorage in Frameworks */,
				0D6DEB542B99CF0600EE196B /* FirebaseDatabase in Frameworks */,
				0D6DEB762B99CF0600EE196B /* FirebaseStorageCombine-Community in Frameworks */,
				0D6DEB4E2B99CF0600EE196B /* FirebaseAuth in Frameworks */,
				0D6DEB582B99CF0600EE196B /* FirebaseDynamicLinks in Frameworks */,
				0D6DEB5A2B99CF0600EE196B /* FirebaseFirestore in Frameworks */,
				0D6DEB722B99CF0600EE196B /* FirebaseRemoteConfigSwift in Frameworks */,
			);
			runOnlyForDeploymentPostprocessing = 0;
		};
/* End PBXFrameworksBuildPhase section */

/* Begin PBXGroup section */
		0D6DEAE42B96078E00EE196B = {
			isa = PBXGroup;
			children = (
				0D6DEB7D2B9A1C8D00EE196B /* Location.gpx */,
				0D6DEB7B2B9A18F100EE196B /* gpx */,
				0D6DEB312B99A1EC00EE196B /* assets */,
				0D6DEB152B978D2A00EE196B /* playground */,
				0D6DEB072B96084C00EE196B /* view */,
				0D6DEB062B96084400EE196B /* controller */,
				0D6DEB052B96083E00EE196B /* model */,
				0D6DEAEF2B96078E00EE196B /* fe_sagareal */,
				0D6DEB782B99D73C00EE196B /* fe_sagareal.app */,
			);
			sourceTree = "<group>";
		};
		0D6DEAEF2B96078E00EE196B /* fe_sagareal */ = {
			isa = PBXGroup;
			children = (
				0D6DEB792B99DAA400EE196B /* GoogleService-Info.plist */,
				0D6DEAF02B96078E00EE196B /* AppDelegate.swift */,
				0D6DEAF22B96078E00EE196B /* SceneDelegate.swift */,
				0D6DEAF42B96078E00EE196B /* ViewController.swift */,
				0D6DEAF62B96078E00EE196B /* Main.storyboard */,
				0D6DEAF92B96079000EE196B /* Assets.xcassets */,
				0D6DEAFB2B96079000EE196B /* LaunchScreen.storyboard */,
				0D6DEAFE2B96079000EE196B /* Info.plist */,
			);
			path = fe_sagareal;
			sourceTree = "<group>";
		};
		0D6DEB052B96083E00EE196B /* model */ = {
			isa = PBXGroup;
			children = (
				0D6DEB0C2B961AFA00EE196B /* TestModel.swift */,
			);
			path = model;
			sourceTree = "<group>";
		};
		0D6DEB062B96084400EE196B /* controller */ = {
			isa = PBXGroup;
			children = (
				0D6DEB0A2B960CFC00EE196B /* TestController.swift */,
				0D6DEB2B2B999BAA00EE196B /* LoginController.swift */,
				0D6DEB2D2B999BBE00EE196B /* GalleryController.swift */,
				0D6DEB2F2B999BCE00EE196B /* PostContoller.swift */,
			);
			path = controller;
			sourceTree = "<group>";
		};
		0D6DEB072B96084C00EE196B /* view */ = {
			isa = PBXGroup;
			children = (
				0D6DEB082B960CE300EE196B /* Test.storyboard */,
				0D6DEB252B999B2900EE196B /* Login.storyboard */,
				0D6DEB272B999B7300EE196B /* Gallery.storyboard */,
				0D6DEB292B999B9A00EE196B /* Post.storyboard */,
			);
			path = view;
			sourceTree = "<group>";
		};
		0D6DEB152B978D2A00EE196B /* playground */ = {
			isa = PBXGroup;
			children = (
				0D6DEB162B978D7400EE196B /* TestPlayground.playground */,
			);
			path = playground;
			sourceTree = "<group>";
		};
		0D6DEB312B99A1EC00EE196B /* assets */ = {
			isa = PBXGroup;
			children = (
				0D6DEB3E2B99A68A00EE196B /* ika.jpeg */,
				0D6DEB3A2B99A67800EE196B /* mori.jpeg */,
				0D6DEB382B99A67800EE196B /* sakura.jpeg */,
				0D6DEB332B99A2D100EE196B /* iseki.jpeg */,
				0D6DEB322B99A2D100EE196B /* siro.jpeg */,
				0D6DEB342B99A2D100EE196B /* torii.jpeg */,
			);
			path = assets;
			sourceTree = "<group>";
		};
		0D6DEB7B2B9A18F100EE196B /* gpx */ = {
			isa = PBXGroup;
			children = (
				0D6DEB7C2B9A190800EE196B /* Location.gpx */,
			);
			path = gpx;
			sourceTree = "<group>";
		};
/* End PBXGroup section */

/* Begin PBXNativeTarget section */
		0D6DEAEC2B96078E00EE196B /* fe_sagareal */ = {
			isa = PBXNativeTarget;
			buildConfigurationList = 0D6DEB012B96079000EE196B /* Build configuration list for PBXNativeTarget "fe_sagareal" */;
			buildPhases = (
				0D6DEAE92B96078E00EE196B /* Sources */,
				0D6DEAEA2B96078E00EE196B /* Frameworks */,
				0D6DEAEB2B96078E00EE196B /* Resources */,
			);
			buildRules = (
			);
			dependencies = (
			);
			name = fe_sagareal;
			packageProductDependencies = (
				0D6DEB412B99CF0600EE196B /* FirebaseAnalytics */,
				0D6DEB432B99CF0600EE196B /* FirebaseAnalyticsOnDeviceConversion */,
				0D6DEB452B99CF0600EE196B /* FirebaseAnalyticsSwift */,
				0D6DEB472B99CF0600EE196B /* FirebaseAnalyticsWithoutAdIdSupport */,
				0D6DEB492B99CF0600EE196B /* FirebaseAppCheck */,
				0D6DEB4B2B99CF0600EE196B /* FirebaseAppDistribution-Beta */,
				0D6DEB4D2B99CF0600EE196B /* FirebaseAuth */,
				0D6DEB4F2B99CF0600EE196B /* FirebaseAuthCombine-Community */,
				0D6DEB512B99CF0600EE196B /* FirebaseCrashlytics */,
				0D6DEB532B99CF0600EE196B /* FirebaseDatabase */,
				0D6DEB552B99CF0600EE196B /* FirebaseDatabaseSwift */,
				0D6DEB572B99CF0600EE196B /* FirebaseDynamicLinks */,
				0D6DEB592B99CF0600EE196B /* FirebaseFirestore */,
				0D6DEB5B2B99CF0600EE196B /* FirebaseFirestoreCombine-Community */,
				0D6DEB5D2B99CF0600EE196B /* FirebaseFirestoreSwift */,
				0D6DEB5F2B99CF0600EE196B /* FirebaseFunctions */,
				0D6DEB612B99CF0600EE196B /* FirebaseFunctionsCombine-Community */,
				0D6DEB632B99CF0600EE196B /* FirebaseInAppMessaging-Beta */,
				0D6DEB652B99CF0600EE196B /* FirebaseInAppMessagingSwift-Beta */,
				0D6DEB672B99CF0600EE196B /* FirebaseInstallations */,
				0D6DEB692B99CF0600EE196B /* FirebaseMLModelDownloader */,
				0D6DEB6B2B99CF0600EE196B /* FirebaseMessaging */,
				0D6DEB6D2B99CF0600EE196B /* FirebasePerformance */,
				0D6DEB6F2B99CF0600EE196B /* FirebaseRemoteConfig */,
				0D6DEB712B99CF0600EE196B /* FirebaseRemoteConfigSwift */,
				0D6DEB732B99CF0600EE196B /* FirebaseStorage */,
				0D6DEB752B99CF0600EE196B /* FirebaseStorageCombine-Community */,
			);
			productName = fe_sagareal;
			productReference = 0D6DEB782B99D73C00EE196B /* fe_sagareal.app */;
			productType = "com.apple.product-type.application";
		};
/* End PBXNativeTarget section */

/* Begin PBXProject section */
		0D6DEAE52B96078E00EE196B /* Project object */ = {
			isa = PBXProject;
			attributes = {
				BuildIndependentTargetsInParallel = 1;
				LastSwiftUpdateCheck = 1520;
				LastUpgradeCheck = 1520;
				TargetAttributes = {
					0D6DEAEC2B96078E00EE196B = {
						CreatedOnToolsVersion = 15.2;
					};
				};
			};
			buildConfigurationList = 0D6DEAE82B96078E00EE196B /* Build configuration list for PBXProject "fe_sagareal" */;
			compatibilityVersion = "Xcode 14.0";
			developmentRegion = en;
			hasScannedForEncodings = 0;
			knownRegions = (
				en,
				Base,
			);
			mainGroup = 0D6DEAE42B96078E00EE196B;
			packageReferences = (
				0D6DEB402B99CF0600EE196B /* XCRemoteSwiftPackageReference "firebase-ios-sdk" */,
			);
			productRefGroup = 0D6DEAE42B96078E00EE196B;
			projectDirPath = "";
			projectRoot = "";
			targets = (
				0D6DEAEC2B96078E00EE196B /* fe_sagareal */,
			);
		};
/* End PBXProject section */

/* Begin PBXResourcesBuildPhase section */
		0D6DEAEB2B96078E00EE196B /* Resources */ = {
			isa = PBXResourcesBuildPhase;
			buildActionMask = 2147483647;
			files = (
				0D6DEAFD2B96079000EE196B /* LaunchScreen.storyboard in Resources */,
				0D6DEAFA2B96079000EE196B /* Assets.xcassets in Resources */,
				0D6DEB362B99A2D100EE196B /* iseki.jpeg in Resources */,
				0D6DEB352B99A2D100EE196B /* siro.jpeg in Resources */,
				0D6DEB092B960CE300EE196B /* Test.storyboard in Resources */,
				0D6DEB372B99A2D100EE196B /* torii.jpeg in Resources */,
				0D6DEB282B999B7300EE196B /* Gallery.storyboard in Resources */,
				0D6DEB3D2B99A67800EE196B /* mori.jpeg in Resources */,
				0D6DEB262B999B2900EE196B /* Login.storyboard in Resources */,
				0D6DEB3B2B99A67800EE196B /* sakura.jpeg in Resources */,
				0D6DEB2A2B999B9A00EE196B /* Post.storyboard in Resources */,
				0D6DEB3F2B99A68A00EE196B /* ika.jpeg in Resources */,
				0D6DEAF82B96078E00EE196B /* Main.storyboard in Resources */,
				0D6DEB7A2B99DAA400EE196B /* GoogleService-Info.plist in Resources */,
			);
			runOnlyForDeploymentPostprocessing = 0;
		};
/* End PBXResourcesBuildPhase section */

/* Begin PBXSourcesBuildPhase section */
		0D6DEAE92B96078E00EE196B /* Sources */ = {
			isa = PBXSourcesBuildPhase;
			buildActionMask = 2147483647;
			files = (
				0D6DEAF52B96078E00EE196B /* ViewController.swift in Sources */,
				0D6DEB2C2B999BAA00EE196B /* LoginController.swift in Sources */,
				0D6DEB2E2B999BBE00EE196B /* GalleryController.swift in Sources */,
				0D6DEAF12B96078E00EE196B /* AppDelegate.swift in Sources */,
				0D6DEB0D2B961AFA00EE196B /* TestModel.swift in Sources */,
				0D6DEAF32B96078E00EE196B /* SceneDelegate.swift in Sources */,
				0D6DEB302B999BCE00EE196B /* PostContoller.swift in Sources */,
				0D6DEB0B2B960CFC00EE196B /* TestController.swift in Sources */,
			);
			runOnlyForDeploymentPostprocessing = 0;
		};
/* End PBXSourcesBuildPhase section */

/* Begin PBXVariantGroup section */
		0D6DEAF62B96078E00EE196B /* Main.storyboard */ = {
			isa = PBXVariantGroup;
			children = (
				0D6DEAF72B96078E00EE196B /* Base */,
			);
			name = Main.storyboard;
			sourceTree = "<group>";
		};
		0D6DEAFB2B96079000EE196B /* LaunchScreen.storyboard */ = {
			isa = PBXVariantGroup;
			children = (
				0D6DEAFC2B96079000EE196B /* Base */,
			);
			name = LaunchScreen.storyboard;
			sourceTree = "<group>";
		};
/* End PBXVariantGroup section */

/* Begin XCBuildConfiguration section */
		0D6DEAFF2B96079000EE196B /* Debug */ = {
			isa = XCBuildConfiguration;
			buildSettings = {
				ALWAYS_SEARCH_USER_PATHS = NO;
				ASSETCATALOG_COMPILER_GENERATE_SWIFT_ASSET_SYMBOL_EXTENSIONS = YES;
				CLANG_ANALYZER_NONNULL = YES;
				CLANG_ANALYZER_NUMBER_OBJECT_CONVERSION = YES_AGGRESSIVE;
				CLANG_CXX_LANGUAGE_STANDARD = "gnu++20";
				CLANG_ENABLE_MODULES = YES;
				CLANG_ENABLE_OBJC_ARC = YES;
				CLANG_ENABLE_OBJC_WEAK = YES;
				CLANG_WARN_BLOCK_CAPTURE_AUTORELEASING = YES;
				CLANG_WARN_BOOL_CONVERSION = YES;
				CLANG_WARN_COMMA = YES;
				CLANG_WARN_CONSTANT_CONVERSION = YES;
				CLANG_WARN_DEPRECATED_OBJC_IMPLEMENTATIONS = YES;
				CLANG_WARN_DIRECT_OBJC_ISA_USAGE = YES_ERROR;
				CLANG_WARN_DOCUMENTATION_COMMENTS = YES;
				CLANG_WARN_EMPTY_BODY = YES;
				CLANG_WARN_ENUM_CONVERSION = YES;
				CLANG_WARN_INFINITE_RECURSION = YES;
				CLANG_WARN_INT_CONVERSION = YES;
				CLANG_WARN_NON_LITERAL_NULL_CONVERSION = YES;
				CLANG_WARN_OBJC_IMPLICIT_RETAIN_SELF = YES;
				CLANG_WARN_OBJC_LITERAL_CONVERSION = YES;
				CLANG_WARN_OBJC_ROOT_CLASS = YES_ERROR;
				CLANG_WARN_QUOTED_INCLUDE_IN_FRAMEWORK_HEADER = YES;
				CLANG_WARN_RANGE_LOOP_ANALYSIS = YES;
				CLANG_WARN_STRICT_PROTOTYPES = YES;
				CLANG_WARN_SUSPICIOUS_MOVE = YES;
				CLANG_WARN_UNGUARDED_AVAILABILITY = YES_AGGRESSIVE;
				CLANG_WARN_UNREACHABLE_CODE = YES;
				CLANG_WARN__DUPLICATE_METHOD_MATCH = YES;
				COPY_PHASE_STRIP = NO;
				DEBUG_INFORMATION_FORMAT = dwarf;
				ENABLE_STRICT_OBJC_MSGSEND = YES;
				ENABLE_TESTABILITY = YES;
				ENABLE_USER_SCRIPT_SANDBOXING = YES;
				GCC_C_LANGUAGE_STANDARD = gnu17;
				GCC_DYNAMIC_NO_PIC = NO;
				GCC_NO_COMMON_BLOCKS = YES;
				GCC_OPTIMIZATION_LEVEL = 0;
				GCC_PREPROCESSOR_DEFINITIONS = (
					"DEBUG=1",
					"$(inherited)",
				);
				GCC_WARN_64_TO_32_BIT_CONVERSION = YES;
				GCC_WARN_ABOUT_RETURN_TYPE = YES_ERROR;
				GCC_WARN_UNDECLARED_SELECTOR = YES;
				GCC_WARN_UNINITIALIZED_AUTOS = YES_AGGRESSIVE;
				GCC_WARN_UNUSED_FUNCTION = YES;
				GCC_WARN_UNUSED_VARIABLE = YES;
				IPHONEOS_DEPLOYMENT_TARGET = 17.2;
				LOCALIZATION_PREFERS_STRING_CATALOGS = YES;
				MTL_ENABLE_DEBUG_INFO = INCLUDE_SOURCE;
				MTL_FAST_MATH = YES;
				ONLY_ACTIVE_ARCH = YES;
				SDKROOT = iphoneos;
				SWIFT_ACTIVE_COMPILATION_CONDITIONS = "DEBUG $(inherited)";
				SWIFT_OPTIMIZATION_LEVEL = "-Onone";
			};
			name = Debug;
		};
		0D6DEB002B96079000EE196B /* Release */ = {
			isa = XCBuildConfiguration;
			buildSettings = {
				ALWAYS_SEARCH_USER_PATHS = NO;
				ASSETCATALOG_COMPILER_GENERATE_SWIFT_ASSET_SYMBOL_EXTENSIONS = YES;
				CLANG_ANALYZER_NONNULL = YES;
				CLANG_ANALYZER_NUMBER_OBJECT_CONVERSION = YES_AGGRESSIVE;
				CLANG_CXX_LANGUAGE_STANDARD = "gnu++20";
				CLANG_ENABLE_MODULES = YES;
				CLANG_ENABLE_OBJC_ARC = YES;
				CLANG_ENABLE_OBJC_WEAK = YES;
				CLANG_WARN_BLOCK_CAPTURE_AUTORELEASING = YES;
				CLANG_WARN_BOOL_CONVERSION = YES;
				CLANG_WARN_COMMA = YES;
				CLANG_WARN_CONSTANT_CONVERSION = YES;
				CLANG_WARN_DEPRECATED_OBJC_IMPLEMENTATIONS = YES;
				CLANG_WARN_DIRECT_OBJC_ISA_USAGE = YES_ERROR;
				CLANG_WARN_DOCUMENTATION_COMMENTS = YES;
				CLANG_WARN_EMPTY_BODY = YES;
				CLANG_WARN_ENUM_CONVERSION = YES;
				CLANG_WARN_INFINITE_RECURSION = YES;
				CLANG_WARN_INT_CONVERSION = YES;
				CLANG_WARN_NON_LITERAL_NULL_CONVERSION = YES;
				CLANG_WARN_OBJC_IMPLICIT_RETAIN_SELF = YES;
				CLANG_WARN_OBJC_LITERAL_CONVERSION = YES;
				CLANG_WARN_OBJC_ROOT_CLASS = YES_ERROR;
				CLANG_WARN_QUOTED_INCLUDE_IN_FRAMEWORK_HEADER = YES;
				CLANG_WARN_RANGE_LOOP_ANALYSIS = YES;
				CLANG_WARN_STRICT_PROTOTYPES = YES;
				CLANG_WARN_SUSPICIOUS_MOVE = YES;
				CLANG_WARN_UNGUARDED_AVAILABILITY = YES_AGGRESSIVE;
				CLANG_WARN_UNREACHABLE_CODE = YES;
				CLANG_WARN__DUPLICATE_METHOD_MATCH = YES;
				COPY_PHASE_STRIP = NO;
				DEBUG_INFORMATION_FORMAT = "dwarf-with-dsym";
				ENABLE_NS_ASSERTIONS = NO;
				ENABLE_STRICT_OBJC_MSGSEND = YES;
				ENABLE_USER_SCRIPT_SANDBOXING = YES;
				GCC_C_LANGUAGE_STANDARD = gnu17;
				GCC_NO_COMMON_BLOCKS = YES;
				GCC_WARN_64_TO_32_BIT_CONVERSION = YES;
				GCC_WARN_ABOUT_RETURN_TYPE = YES_ERROR;
				GCC_WARN_UNDECLARED_SELECTOR = YES;
				GCC_WARN_UNINITIALIZED_AUTOS = YES_AGGRESSIVE;
				GCC_WARN_UNUSED_FUNCTION = YES;
				GCC_WARN_UNUSED_VARIABLE = YES;
				IPHONEOS_DEPLOYMENT_TARGET = 17.2;
				LOCALIZATION_PREFERS_STRING_CATALOGS = YES;
				MTL_ENABLE_DEBUG_INFO = NO;
				MTL_FAST_MATH = YES;
				SDKROOT = iphoneos;
				SWIFT_COMPILATION_MODE = wholemodule;
				VALIDATE_PRODUCT = YES;
			};
			name = Release;
		};
		0D6DEB022B96079000EE196B /* Debug */ = {
			isa = XCBuildConfiguration;
			buildSettings = {
				ASSETCATALOG_COMPILER_APPICON_NAME = AppIcon;
				ASSETCATALOG_COMPILER_GLOBAL_ACCENT_COLOR_NAME = AccentColor;
				CODE_SIGN_STYLE = Automatic;
				CURRENT_PROJECT_VERSION = 1;
				DEVELOPMENT_TEAM = 944H9K585W;
				GENERATE_INFOPLIST_FILE = YES;
				INFOPLIST_FILE = fe_sagareal/Info.plist;
				INFOPLIST_KEY_UIApplicationSupportsIndirectInputEvents = YES;
				INFOPLIST_KEY_UILaunchStoryboardName = LaunchScreen;
				INFOPLIST_KEY_UIMainStoryboardFile = Main;
				INFOPLIST_KEY_UISupportedInterfaceOrientations_iPad = "UIInterfaceOrientationPortrait UIInterfaceOrientationPortraitUpsideDown UIInterfaceOrientationLandscapeLeft UIInterfaceOrientationLandscapeRight";
				INFOPLIST_KEY_UISupportedInterfaceOrientations_iPhone = "UIInterfaceOrientationPortrait UIInterfaceOrientationLandscapeLeft UIInterfaceOrientationLandscapeRight";
				LD_RUNPATH_SEARCH_PATHS = (
					"$(inherited)",
					"@executable_path/Frameworks",
				);
				MARKETING_VERSION = 1.0;
				PRODUCT_BUNDLE_IDENTIFIER = "com.gabaithon.sagareal.fe-sagareal";
				PRODUCT_NAME = "$(TARGET_NAME)";
				SWIFT_EMIT_LOC_STRINGS = YES;
				SWIFT_VERSION = 5.0;
				TARGETED_DEVICE_FAMILY = "1,2";
			};
			name = Debug;
		};
		0D6DEB032B96079000EE196B /* Release */ = {
			isa = XCBuildConfiguration;
			buildSettings = {
				ASSETCATALOG_COMPILER_APPICON_NAME = AppIcon;
				ASSETCATALOG_COMPILER_GLOBAL_ACCENT_COLOR_NAME = AccentColor;
				CODE_SIGN_STYLE = Automatic;
				CURRENT_PROJECT_VERSION = 1;
				DEVELOPMENT_TEAM = 944H9K585W;
				GENERATE_INFOPLIST_FILE = YES;
				INFOPLIST_FILE = fe_sagareal/Info.plist;
				INFOPLIST_KEY_UIApplicationSupportsIndirectInputEvents = YES;
				INFOPLIST_KEY_UILaunchStoryboardName = LaunchScreen;
				INFOPLIST_KEY_UIMainStoryboardFile = Main;
				INFOPLIST_KEY_UISupportedInterfaceOrientations_iPad = "UIInterfaceOrientationPortrait UIInterfaceOrientationPortraitUpsideDown UIInterfaceOrientationLandscapeLeft UIInterfaceOrientationLandscapeRight";
				INFOPLIST_KEY_UISupportedInterfaceOrientations_iPhone = "UIInterfaceOrientationPortrait UIInterfaceOrientationLandscapeLeft UIInterfaceOrientationLandscapeRight";
				LD_RUNPATH_SEARCH_PATHS = (
					"$(inherited)",
					"@executable_path/Frameworks",
				);
				MARKETING_VERSION = 1.0;
				PRODUCT_BUNDLE_IDENTIFIER = "com.gabaithon.sagareal.fe-sagareal";
				PRODUCT_NAME = "$(TARGET_NAME)";
				SWIFT_EMIT_LOC_STRINGS = YES;
				SWIFT_VERSION = 5.0;
				TARGETED_DEVICE_FAMILY = "1,2";
			};
			name = Release;
		};
/* End XCBuildConfiguration section */

/* Begin XCConfigurationList section */
		0D6DEAE82B96078E00EE196B /* Build configuration list for PBXProject "fe_sagareal" */ = {
			isa = XCConfigurationList;
			buildConfigurations = (
				0D6DEAFF2B96079000EE196B /* Debug */,
				0D6DEB002B96079000EE196B /* Release */,
			);
			defaultConfigurationIsVisible = 0;
			defaultConfigurationName = Release;
		};
		0D6DEB012B96079000EE196B /* Build configuration list for PBXNativeTarget "fe_sagareal" */ = {
			isa = XCConfigurationList;
			buildConfigurations = (
				0D6DEB022B96079000EE196B /* Debug */,
				0D6DEB032B96079000EE196B /* Release */,
			);
			defaultConfigurationIsVisible = 0;
			defaultConfigurationName = Release;
		};
/* End XCConfigurationList section */

/* Begin XCRemoteSwiftPackageReference section */
		0D6DEB402B99CF0600EE196B /* XCRemoteSwiftPackageReference "firebase-ios-sdk" */ = {
			isa = XCRemoteSwiftPackageReference;
			repositoryURL = "https://github.com/firebase/firebase-ios-sdk.git";
			requirement = {
				kind = upToNextMajorVersion;
				minimumVersion = 10.22.0;
			};
		};
/* End XCRemoteSwiftPackageReference section */

/* Begin XCSwiftPackageProductDependency section */
		0D6DEB412B99CF0600EE196B /* FirebaseAnalytics */ = {
			isa = XCSwiftPackageProductDependency;
			package = 0D6DEB402B99CF0600EE196B /* XCRemoteSwiftPackageReference "firebase-ios-sdk" */;
			productName = FirebaseAnalytics;
		};
		0D6DEB432B99CF0600EE196B /* FirebaseAnalyticsOnDeviceConversion */ = {
			isa = XCSwiftPackageProductDependency;
			package = 0D6DEB402B99CF0600EE196B /* XCRemoteSwiftPackageReference "firebase-ios-sdk" */;
			productName = FirebaseAnalyticsOnDeviceConversion;
		};
		0D6DEB452B99CF0600EE196B /* FirebaseAnalyticsSwift */ = {
			isa = XCSwiftPackageProductDependency;
			package = 0D6DEB402B99CF0600EE196B /* XCRemoteSwiftPackageReference "firebase-ios-sdk" */;
			productName = FirebaseAnalyticsSwift;
		};
		0D6DEB472B99CF0600EE196B /* FirebaseAnalyticsWithoutAdIdSupport */ = {
			isa = XCSwiftPackageProductDependency;
			package = 0D6DEB402B99CF0600EE196B /* XCRemoteSwiftPackageReference "firebase-ios-sdk" */;
			productName = FirebaseAnalyticsWithoutAdIdSupport;
		};
		0D6DEB492B99CF0600EE196B /* FirebaseAppCheck */ = {
			isa = XCSwiftPackageProductDependency;
			package = 0D6DEB402B99CF0600EE196B /* XCRemoteSwiftPackageReference "firebase-ios-sdk" */;
			productName = FirebaseAppCheck;
		};
		0D6DEB4B2B99CF0600EE196B /* FirebaseAppDistribution-Beta */ = {
			isa = XCSwiftPackageProductDependency;
			package = 0D6DEB402B99CF0600EE196B /* XCRemoteSwiftPackageReference "firebase-ios-sdk" */;
			productName = "FirebaseAppDistribution-Beta";
		};
		0D6DEB4D2B99CF0600EE196B /* FirebaseAuth */ = {
			isa = XCSwiftPackageProductDependency;
			package = 0D6DEB402B99CF0600EE196B /* XCRemoteSwiftPackageReference "firebase-ios-sdk" */;
			productName = FirebaseAuth;
		};
		0D6DEB4F2B99CF0600EE196B /* FirebaseAuthCombine-Community */ = {
			isa = XCSwiftPackageProductDependency;
			package = 0D6DEB402B99CF0600EE196B /* XCRemoteSwiftPackageReference "firebase-ios-sdk" */;
			productName = "FirebaseAuthCombine-Community";
		};
		0D6DEB512B99CF0600EE196B /* FirebaseCrashlytics */ = {
			isa = XCSwiftPackageProductDependency;
			package = 0D6DEB402B99CF0600EE196B /* XCRemoteSwiftPackageReference "firebase-ios-sdk" */;
			productName = FirebaseCrashlytics;
		};
		0D6DEB532B99CF0600EE196B /* FirebaseDatabase */ = {
			isa = XCSwiftPackageProductDependency;
			package = 0D6DEB402B99CF0600EE196B /* XCRemoteSwiftPackageReference "firebase-ios-sdk" */;
			productName = FirebaseDatabase;
		};
		0D6DEB552B99CF0600EE196B /* FirebaseDatabaseSwift */ = {
			isa = XCSwiftPackageProductDependency;
			package = 0D6DEB402B99CF0600EE196B /* XCRemoteSwiftPackageReference "firebase-ios-sdk" */;
			productName = FirebaseDatabaseSwift;
		};
		0D6DEB572B99CF0600EE196B /* FirebaseDynamicLinks */ = {
			isa = XCSwiftPackageProductDependency;
			package = 0D6DEB402B99CF0600EE196B /* XCRemoteSwiftPackageReference "firebase-ios-sdk" */;
			productName = FirebaseDynamicLinks;
		};
		0D6DEB592B99CF0600EE196B /* FirebaseFirestore */ = {
			isa = XCSwiftPackageProductDependency;
			package = 0D6DEB402B99CF0600EE196B /* XCRemoteSwiftPackageReference "firebase-ios-sdk" */;
			productName = FirebaseFirestore;
		};
		0D6DEB5B2B99CF0600EE196B /* FirebaseFirestoreCombine-Community */ = {
			isa = XCSwiftPackageProductDependency;
			package = 0D6DEB402B99CF0600EE196B /* XCRemoteSwiftPackageReference "firebase-ios-sdk" */;
			productName = "FirebaseFirestoreCombine-Community";
		};
		0D6DEB5D2B99CF0600EE196B /* FirebaseFirestoreSwift */ = {
			isa = XCSwiftPackageProductDependency;
			package = 0D6DEB402B99CF0600EE196B /* XCRemoteSwiftPackageReference "firebase-ios-sdk" */;
			productName = FirebaseFirestoreSwift;
		};
		0D6DEB5F2B99CF0600EE196B /* FirebaseFunctions */ = {
			isa = XCSwiftPackageProductDependency;
			package = 0D6DEB402B99CF0600EE196B /* XCRemoteSwiftPackageReference "firebase-ios-sdk" */;
			productName = FirebaseFunctions;
		};
		0D6DEB612B99CF0600EE196B /* FirebaseFunctionsCombine-Community */ = {
			isa = XCSwiftPackageProductDependency;
			package = 0D6DEB402B99CF0600EE196B /* XCRemoteSwiftPackageReference "firebase-ios-sdk" */;
			productName = "FirebaseFunctionsCombine-Community";
		};
		0D6DEB632B99CF0600EE196B /* FirebaseInAppMessaging-Beta */ = {
			isa = XCSwiftPackageProductDependency;
			package = 0D6DEB402B99CF0600EE196B /* XCRemoteSwiftPackageReference "firebase-ios-sdk" */;
			productName = "FirebaseInAppMessaging-Beta";
		};
		0D6DEB652B99CF0600EE196B /* FirebaseInAppMessagingSwift-Beta */ = {
			isa = XCSwiftPackageProductDependency;
			package = 0D6DEB402B99CF0600EE196B /* XCRemoteSwiftPackageReference "firebase-ios-sdk" */;
			productName = "FirebaseInAppMessagingSwift-Beta";
		};
		0D6DEB672B99CF0600EE196B /* FirebaseInstallations */ = {
			isa = XCSwiftPackageProductDependency;
			package = 0D6DEB402B99CF0600EE196B /* XCRemoteSwiftPackageReference "firebase-ios-sdk" */;
			productName = FirebaseInstallations;
		};
		0D6DEB692B99CF0600EE196B /* FirebaseMLModelDownloader */ = {
			isa = XCSwiftPackageProductDependency;
			package = 0D6DEB402B99CF0600EE196B /* XCRemoteSwiftPackageReference "firebase-ios-sdk" */;
			productName = FirebaseMLModelDownloader;
		};
		0D6DEB6B2B99CF0600EE196B /* FirebaseMessaging */ = {
			isa = XCSwiftPackageProductDependency;
			package = 0D6DEB402B99CF0600EE196B /* XCRemoteSwiftPackageReference "firebase-ios-sdk" */;
			productName = FirebaseMessaging;
		};
		0D6DEB6D2B99CF0600EE196B /* FirebasePerformance */ = {
			isa = XCSwiftPackageProductDependency;
			package = 0D6DEB402B99CF0600EE196B /* XCRemoteSwiftPackageReference "firebase-ios-sdk" */;
			productName = FirebasePerformance;
		};
		0D6DEB6F2B99CF0600EE196B /* FirebaseRemoteConfig */ = {
			isa = XCSwiftPackageProductDependency;
			package = 0D6DEB402B99CF0600EE196B /* XCRemoteSwiftPackageReference "firebase-ios-sdk" */;
			productName = FirebaseRemoteConfig;
		};
		0D6DEB712B99CF0600EE196B /* FirebaseRemoteConfigSwift */ = {
			isa = XCSwiftPackageProductDependency;
			package = 0D6DEB402B99CF0600EE196B /* XCRemoteSwiftPackageReference "firebase-ios-sdk" */;
			productName = FirebaseRemoteConfigSwift;
		};
		0D6DEB732B99CF0600EE196B /* FirebaseStorage */ = {
			isa = XCSwiftPackageProductDependency;
			package = 0D6DEB402B99CF0600EE196B /* XCRemoteSwiftPackageReference "firebase-ios-sdk" */;
			productName = FirebaseStorage;
		};
		0D6DEB752B99CF0600EE196B /* FirebaseStorageCombine-Community */ = {
			isa = XCSwiftPackageProductDependency;
			package = 0D6DEB402B99CF0600EE196B /* XCRemoteSwiftPackageReference "firebase-ios-sdk" */;
			productName = "FirebaseStorageCombine-Community";
		};
/* End XCSwiftPackageProductDependency section */
	};
	rootObject = 0D6DEAE52B96078E00EE196B /* Project object */;
}
